
Microsoft Visual Studio Solution File, Format Version 12.00
# Visual Studio Version 16
VisualStudioVersion = 16.0.31005.135
MinimumVisualStudioVersion = 10.0.40219.1
Project("{FAE04EC0-301F-11D3-BF4B-00C04F79EFBC}") = "Amazoom", "Amazoom\Amazoom.csproj", "{3EC4447E-EA49-4BF8-8A72-49777B8DE09F}"
EndProject
Project("{9A19103F-16F7-4668-BE54-9A1E7A4F7556}") = "Amazoom-UI-with-DB", "..\Amazoom-UI-with-DB\Amazoom-UI-with-DB.csproj", "{EB241E52-6873-4D52-9FA6-6E5B5869A301}"
EndProject
Global
	GlobalSection(SolutionConfigurationPlatforms) = preSolution
		Debug|Any CPU = Debug|Any CPU
		Release|Any CPU = Release|Any CPU
	EndGlobalSection
	GlobalSection(ProjectConfigurationPlatforms) = postSolution
		{3EC4447E-EA49-4BF8-8A72-49777B8DE09F}.Debug|Any CPU.ActiveCfg = Debug|Any CPU
		{3EC4447E-EA49-4BF8-8A72-49777B8DE09F}.Debug|Any CPU.Build.0 = Debug|Any CPU
		{3EC4447E-EA49-4BF8-8A72-49777B8DE09F}.Release|Any CPU.ActiveCfg = Release|Any CPU
		{3EC4447E-EA49-4BF8-8A72-49777B8DE09F}.Release|Any CPU.Build.0 = Release|Any CPU
		{EB241E52-6873-4D52-9FA6-6E5B5869A301}.Debug|Any CPU.ActiveCfg = Debug|Any CPU
		{EB241E52-6873-4D52-9FA6-6E5B5869A301}.Debug|Any CPU.Build.0 = Debug|Any CPU
		{EB241E52-6873-4D52-9FA6-6E5B5869A301}.Release|Any CPU.ActiveCfg = Release|Any CPU
		{EB241E52-6873-4D52-9FA6-6E5B5869A301}.Release|Any CPU.Build.0 = Release|Any CPU
	EndGlobalSection
	GlobalSection(SolutionProperties) = preSolution
		HideSolutionNode = FALSE
	EndGlobalSection
	GlobalSection(ExtensibilityGlobals) = postSolution
		SolutionGuid = {C03C7200-0C97-47B3-838B-6EE6786DC112}
	EndGlobalSection
EndGlobal
