
Microsoft Visual Studio Solution File, Format Version 12.00
# Visual Studio Version 16
VisualStudioVersion = 16.0.31702.278
MinimumVisualStudioVersion = 10.0.40219.1
Project("{9A19103F-16F7-4668-BE54-9A1E7A4F7556}") = "Amazoom-UI-with-DB", "Amazoom-UI-with-DB.csproj", "{17FA29B5-3A5A-4438-98C9-B6D6B3B41F70}"
EndProject
Global
	GlobalSection(SolutionConfigurationPlatforms) = preSolution
		Debug|Any CPU = Debug|Any CPU
		Release|Any CPU = Release|Any CPU
	EndGlobalSection
	GlobalSection(ProjectConfigurationPlatforms) = postSolution
		{17FA29B5-3A5A-4438-98C9-B6D6B3B41F70}.Debug|Any CPU.ActiveCfg = Debug|Any CPU
		{17FA29B5-3A5A-4438-98C9-B6D6B3B41F70}.Debug|Any CPU.Build.0 = Debug|Any CPU
		{17FA29B5-3A5A-4438-98C9-B6D6B3B41F70}.Release|Any CPU.ActiveCfg = Release|Any CPU
		{17FA29B5-3A5A-4438-98C9-B6D6B3B41F70}.Release|Any CPU.Build.0 = Release|Any CPU
	EndGlobalSection
	GlobalSection(SolutionProperties) = preSolution
		HideSolutionNode = FALSE
	EndGlobalSection
	GlobalSection(ExtensibilityGlobals) = postSolution
		SolutionGuid = {496904C7-A656-4471-9B1B-A415AA9314A8}
	EndGlobalSection
EndGlobal
